{
  "version": "0.5",
  "requires": [
    "batteries/0.63.0",
    "boost/1.88.0",
    "bzip2/1.0.8",
    "cli11/2.5.0",
    "gflags/2.2.2",
    "glog/0.7.1",
    "gtest/1.17.0",
    "libbacktrace/cci.20240730",
    "libfuse/3.16.2",
    "libunwind/1.8.1",
    "liburing/2.11",
    "openssl/3.6.0",
    "pcg-cpp/cci.20220409",
    "protobuf/3.21.12",
    "xxhash/0.8.3",
    "zlib/1.3.1"
  ],
  "build_requires": [
    "b2/5.3.3",
    "cmake/3.31.10",
    "cmake/4.2.0",
    "meson/1.2.0",
    "ninja/1.13.2"
  ],
  "python_requires": [
    "cor_recipe_utils/0.18.2"
  ],
  "overrides": {
    "boost/[>=1.88.0 <2]": [
      "boost/1.88.0",
      "boost/[>=1.88.0 <2]"
    ],
    "glog/[>=0.7.1 <1]": [
      "glog/0.7.1"
    ],
    "libbacktrace/[>=cci.20240730]": [
      "libbacktrace/cci.20240730"
    ],
    "openssl/[>=3.6.0 <4]": [
      "openssl/3.6.0"
    ],
    "zlib/[>=1.3.1 <2]": [
      "zlib/1.3.1"
    ],
    "libunwind/[>=1.8.1 <2]": [
      "libunwind/1.8.1"
    ],
    "libbacktrace/[>=cci.20210118]": [
      "libbacktrace/cci.20240730"
    ],
    "openssl/[>=3 <4]": [
      "openssl/[>=3.6.0 <4]"
    ],
    "glog/[>=0.7.0 <1]": [
      "glog/[>=0.7.1 <1]"
    ],
    "libunwind/[>=1.8 <2]": [
      "libunwind/1.8.1"
    ],
    "zlib/[>=1.2.11 <2]": [
      "zlib/1.3.1",
      "zlib/[>=1.3.1 <2]"
    ],
    "libbacktrace/cci.20210118": [
      "libbacktrace/[>=cci.20240730]"
    ],
    "libunwind/1.8.0": [
      "libunwind/[>=1.8.1 <2]"
    ]
  },
  "config_requires": []
}